{
  "name": "navigation",
  "version": "1.0.0",
  "lockfileVersion": 3,
  "requires": true,
  "packages": {
    "": {
      "name": "navigation",
      "version": "1.0.0",
      "license": "ISC",
      "devDependencies": {
        "chai": "^6.2.1",
        "chai-almost": "^1.0.1"
      }
    },
    "node_modules/chai": {
      "version": "6.2.1",
      "resolved": "https://registry.npmjs.org/chai/-/chai-6.2.1.tgz",
      "integrity": "sha512-p4Z49OGG5W/WBCPSS/dH3jQ73kD6tiMmUM+bckNK6Jr5JHMG3k9bg/BvKR8lKmtVBKmOiuVaV2ws8s9oSbwysg==",
      "dev": true,
      "license": "MIT",
      "engines": {
        "node": ">=18"
      }
    },
    "node_modules/chai-almost": {
      "version": "1.0.1",
      "resolved": "https://registry.npmjs.org/chai-almost/-/chai-almost-1.0.1.tgz",
      "integrity": "sha512-UrNSx5f2B1/ESrOz0a4iLpDnQvDnK/3O0ZE/KGYQ+NcndKy0VQkMkv8yoGIHNSbjzKBid3EAMdDMA5wb9CxvSA==",
      "dev": true,
      "license": "MIT",
      "dependencies": {
        "deep-eql": "^2.0.2",
        "type-detect": "^4.0.3"
      }
    },
    "node_modules/deep-eql": {
      "version": "2.0.2",
      "resolved": "https://registry.npmjs.org/deep-eql/-/deep-eql-2.0.2.tgz",
      "integrity": "sha512-uts3fF4HnV1bcNx8K5c9NMjXXKtLOf1obUMq04uEuMaF8i1m0SfugbpDMd59cYfodQcMqeUISvL4Pmx5NZ7lcw==",
      "dev": true,
      "license": "MIT",
      "dependencies": {
        "type-detect": "^3.0.0"
      },
      "engines": {
        "node": ">=0.12"
      }
    },
    "node_modules/deep-eql/node_modules/type-detect": {
      "version": "3.0.0",
      "resolved": "https://registry.npmjs.org/type-detect/-/type-detect-3.0.0.tgz",
      "integrity": "sha512-pwZo7l1T0a8wmTMDc4FtXuHseRaqa9nyaUArp4xHaBMUlRzr72PvgF6ouXIIj5rjbVWqo8pZu6vw74jDKg4Dvw==",
      "dev": true,
      "license": "MIT",
      "engines": {
        "node": "*"
      }
    },
    "node_modules/type-detect": {
      "version": "4.1.0",
      "resolved": "https://registry.npmjs.org/type-detect/-/type-detect-4.1.0.tgz",
      "integrity": "sha512-Acylog8/luQ8L7il+geoSxhEkazvkslg7PSNKOX59mbB9cOveP5aq9h74Y7YU8yDpJwetzQQrfIwtf4Wp4LKcw==",
      "dev": true,
      "license": "MIT",
      "engines": {
        "node": ">=4"
      }
    }
  }
}
